
Microsoft Visual Studio Solution File, Format Version 12.00
# Visual Studio Version 17
VisualStudioVersion = 17.8.34330.188
MinimumVisualStudioVersion = 10.0.40219.1
Project("{FAE04EC0-301F-11D3-BF4B-00C04F79EFBC}") = "dental_123", "dental_123\dental_123.csproj", "{79FF4E13-7992-4185-8C37-C856CFD8596C}"
EndProject
Global
	GlobalSection(SolutionConfigurationPlatforms) = preSolution
		Debug|Any CPU = Debug|Any CPU
		Release|Any CPU = Release|Any CPU
	EndGlobalSection
	GlobalSection(ProjectConfigurationPlatforms) = postSolution
		{79FF4E13-7992-4185-8C37-C856CFD8596C}.Debug|Any CPU.ActiveCfg = Debug|Any CPU
		{79FF4E13-7992-4185-8C37-C856CFD8596C}.Debug|Any CPU.Build.0 = Debug|Any CPU
		{79FF4E13-7992-4185-8C37-C856CFD8596C}.Release|Any CPU.ActiveCfg = Release|Any CPU
		{79FF4E13-7992-4185-8C37-C856CFD8596C}.Release|Any CPU.Build.0 = Release|Any CPU
	EndGlobalSection
	GlobalSection(SolutionProperties) = preSolution
		HideSolutionNode = FALSE
	EndGlobalSection
	GlobalSection(ExtensibilityGlobals) = postSolution
		SolutionGuid = {FE93DF3C-B276-4909-9EFF-0DD176B16470}
	EndGlobalSection
EndGlobal
